
Microsoft Visual Studio Solution File, Format Version 12.00
# Visual Studio Version 16
VisualStudioVersion = 25.0.1704.0
MinimumVisualStudioVersion = 10.0.40219.1
Project("{FAE04EC0-301F-11D3-BF4B-00C04F79EFBC}") = "APINetcore", "APINetcore\APINetcore.csproj", "{7E823C18-659A-4F53-9B94-6CE736C733A4}"
EndProject
Global
	GlobalSection(SolutionConfigurationPlatforms) = preSolution
		Debug|Any CPU = Debug|Any CPU
		Release|Any CPU = Release|Any CPU
	EndGlobalSection
	GlobalSection(ProjectConfigurationPlatforms) = postSolution
		{7E823C18-659A-4F53-9B94-6CE736C733A4}.Debug|Any CPU.ActiveCfg = Debug|Any CPU
		{7E823C18-659A-4F53-9B94-6CE736C733A4}.Debug|Any CPU.Build.0 = Debug|Any CPU
		{7E823C18-659A-4F53-9B94-6CE736C733A4}.Release|Any CPU.ActiveCfg = Release|Any CPU
		{7E823C18-659A-4F53-9B94-6CE736C733A4}.Release|Any CPU.Build.0 = Release|Any CPU
	EndGlobalSection
	GlobalSection(SolutionProperties) = preSolution
		HideSolutionNode = FALSE
	EndGlobalSection
	GlobalSection(ExtensibilityGlobals) = postSolution
		SolutionGuid = {5D849CA7-A770-4832-B7A8-8669F845B259}
	EndGlobalSection
EndGlobal
